// !$*UTF8*$!
{
	archiveVersion = 1;
	classes = {
	};
	objectVersion = 56;
	objects = {

/* Begin PBXBuildFile section */
		5D09F5A129C0862D00EAB195 /* RotationButton.swift in Sources */ = {isa = PBXBuildFile; fileRef = 5D09F5A029C0862D00EAB195 /* RotationButton.swift */; };
		5D4211F429B0E30000322210 /* BrickGenerator.swift in Sources */ = {isa = PBXBuildFile; fileRef = 5D4211F329B0E30000322210 /* BrickGenerator.swift */; };
		5DA20AFB29A7B95600CDCBB7 /* AppDelegate.swift in Sources */ = {isa = PBXBuildFile; fileRef = 5DA20AFA29A7B95600CDCBB7 /* AppDelegate.swift */; };
		5DA20B0129A7B95600CDCBB7 /* GameScene.swift in Sources */ = {isa = PBXBuildFile; fileRef = 5DA20B0029A7B95600CDCBB7 /* GameScene.swift */; };
		5DA20B0329A7B95600CDCBB7 /* GameViewController.swift in Sources */ = {isa = PBXBuildFile; fileRef = 5DA20B0229A7B95600CDCBB7 /* GameViewController.swift */; };
		5DA20B0629A7B95600CDCBB7 /* Main.storyboard in Resources */ = {isa = PBXBuildFile; fileRef = 5DA20B0429A7B95600CDCBB7 /* Main.storyboard */; };
		5DA20B0829A7B95700CDCBB7 /* Assets.xcassets in Resources */ = {isa = PBXBuildFile; fileRef = 5DA20B0729A7B95700CDCBB7 /* Assets.xcassets */; };
		5DA20B0B29A7B95700CDCBB7 /* LaunchScreen.storyboard in Resources */ = {isa = PBXBuildFile; fileRef = 5DA20B0929A7B95700CDCBB7 /* LaunchScreen.storyboard */; };
		5DA20B1529A7B95700CDCBB7 /* TetrisGameTests.swift in Sources */ = {isa = PBXBuildFile; fileRef = 5DA20B1429A7B95700CDCBB7 /* TetrisGameTests.swift */; };
		5DA20B1F29A7B95700CDCBB7 /* TetrisGameUITests.swift in Sources */ = {isa = PBXBuildFile; fileRef = 5DA20B1E29A7B95700CDCBB7 /* TetrisGameUITests.swift */; };
		5DA20B2129A7B95700CDCBB7 /* TetrisGameUITestsLaunchTests.swift in Sources */ = {isa = PBXBuildFile; fileRef = 5DA20B2029A7B95700CDCBB7 /* TetrisGameUITestsLaunchTests.swift */; };
		5DC76A5129A7BE5A00A0A596 /* BackGround.swift in Sources */ = {isa = PBXBuildFile; fileRef = 5DC76A5029A7BE5A00A0A596 /* BackGround.swift */; };
		5DC76A5429A7C3D700A0A596 /* Variables.swift in Sources */ = {isa = PBXBuildFile; fileRef = 5DC76A5329A7C3D700A0A596 /* Variables.swift */; };
		5DC76A5629A7C6C200A0A596 /* Brick.swift in Sources */ = {isa = PBXBuildFile; fileRef = 5DC76A5529A7C6C200A0A596 /* Brick.swift */; };
		5DC78BD229BA484E00DD85D5 /* LeftButton.swift in Sources */ = {isa = PBXBuildFile; fileRef = 5DC78BD129BA484E00DD85D5 /* LeftButton.swift */; };
		5DC78BD929BF653100DD85D5 /* RightButton.swift in Sources */ = {isa = PBXBuildFile; fileRef = 5DC78BD829BF653100DD85D5 /* RightButton.swift */; };
/* End PBXBuildFile section */

/* Begin PBXContainerItemProxy section */
		5DA20B1129A7B95700CDCBB7 /* PBXContainerItemProxy */ = {
			isa = PBXContainerItemProxy;
			containerPortal = 5DA20AEF29A7B95600CDCBB7 /* Project object */;
			proxyType = 1;
			remoteGlobalIDString = 5DA20AF629A7B95600CDCBB7;
			remoteInfo = TetrisGame;
		};
		5DA20B1B29A7B95700CDCBB7 /* PBXContainerItemProxy */ = {
			isa = PBXContainerItemProxy;
			containerPortal = 5DA20AEF29A7B95600CDCBB7 /* Project object */;
			proxyType = 1;
			remoteGlobalIDString = 5DA20AF629A7B95600CDCBB7;
			remoteInfo = TetrisGame;
		};
/* End PBXContainerItemProxy section */

/* Begin PBXFileReference section */
		5D09F5A029C0862D00EAB195 /* RotationButton.swift */ = {isa = PBXFileReference; lastKnownFileType = sourcecode.swift; path = RotationButton.swift; sourceTree = "<group>"; };
		5D4211F329B0E30000322210 /* BrickGenerator.swift */ = {isa = PBXFileReference; lastKnownFileType = sourcecode.swift; path = BrickGenerator.swift; sourceTree = "<group>"; };
		5DA20AF729A7B95600CDCBB7 /* TetrisGame.app */ = {isa = PBXFileReference; explicitFileType = wrapper.application; includeInIndex = 0; path = TetrisGame.app; sourceTree = BUILT_PRODUCTS_DIR; };
		5DA20AFA29A7B95600CDCBB7 /* AppDelegate.swift */ = {isa = PBXFileReference; lastKnownFileType = sourcecode.swift; path = AppDelegate.swift; sourceTree = "<group>"; };
		5DA20B0029A7B95600CDCBB7 /* GameScene.swift */ = {isa = PBXFileReference; lastKnownFileType = sourcecode.swift; path = GameScene.swift; sourceTree = "<group>"; };
		5DA20B0229A7B95600CDCBB7 /* GameViewController.swift */ = {isa = PBXFileReference; lastKnownFileType = sourcecode.swift; path = GameViewController.swift; sourceTree = "<group>"; };
		5DA20B0529A7B95600CDCBB7 /* Base */ = {isa = PBXFileReference; lastKnownFileType = file.storyboard; name = Base; path = Base.lproj/Main.storyboard; sourceTree = "<group>"; };
		5DA20B0729A7B95700CDCBB7 /* Assets.xcassets */ = {isa = PBXFileReference; lastKnownFileType = folder.assetcatalog; path = Assets.xcassets; sourceTree = "<group>"; };
		5DA20B0A29A7B95700CDCBB7 /* Base */ = {isa = PBXFileReference; lastKnownFileType = file.storyboard; name = Base; path = Base.lproj/LaunchScreen.storyboard; sourceTree = "<group>"; };
		5DA20B1029A7B95700CDCBB7 /* TetrisGameTests.xctest */ = {isa = PBXFileReference; explicitFileType = wrapper.cfbundle; includeInIndex = 0; path = TetrisGameTests.xctest; sourceTree = BUILT_PRODUCTS_DIR; };
		5DA20B1429A7B95700CDCBB7 /* TetrisGameTests.swift */ = {isa = PBXFileReference; lastKnownFileType = sourcecode.swift; path = TetrisGameTests.swift; sourceTree = "<group>"; };
		5DA20B1A29A7B95700CDCBB7 /* TetrisGameUITests.xctest */ = {isa = PBXFileReference; explicitFileType = wrapper.cfbundle; includeInIndex = 0; path = TetrisGameUITests.xctest; sourceTree = BUILT_PRODUCTS_DIR; };
		5DA20B1E29A7B95700CDCBB7 /* TetrisGameUITests.swift */ = {isa = PBXFileReference; lastKnownFileType = sourcecode.swift; path = TetrisGameUITests.swift; sourceTree = "<group>"; };
		5DA20B2029A7B95700CDCBB7 /* TetrisGameUITestsLaunchTests.swift */ = {isa = PBXFileReference; lastKnownFileType = sourcecode.swift; path = TetrisGameUITestsLaunchTests.swift; sourceTree = "<group>"; };
		5DC76A5029A7BE5A00A0A596 /* BackGround.swift */ = {isa = PBXFileReference; lastKnownFileType = sourcecode.swift; path = BackGround.swift; sourceTree = "<group>"; };
		5DC76A5329A7C3D700A0A596 /* Variables.swift */ = {isa = PBXFileReference; lastKnownFileType = sourcecode.swift; path = Variables.swift; sourceTree = "<group>"; };
		5DC76A5529A7C6C200A0A596 /* Brick.swift */ = {isa = PBXFileReference; lastKnownFileType = sourcecode.swift; path = Brick.swift; sourceTree = "<group>"; };
		5DC78BD129BA484E00DD85D5 /* LeftButton.swift */ = {isa = PBXFileReference; lastKnownFileType = sourcecode.swift; path = LeftButton.swift; sourceTree = "<group>"; };
		5DC78BD529BE162E00DD85D5 /* Info.plist */ = {isa = PBXFileReference; lastKnownFileType = text.plist; path = Info.plist; sourceTree = "<group>"; };
		5DC78BD629BE1EC000DD85D5 /* Info.plist */ = {isa = PBXFileReference; lastKnownFileType = text.plist; path = Info.plist; sourceTree = "<group>"; };
		5DC78BD729BE1EED00DD85D5 /* Info.plist */ = {isa = PBXFileReference; lastKnownFileType = text.plist; path = Info.plist; sourceTree = "<group>"; };
		5DC78BD829BF653100DD85D5 /* RightButton.swift */ = {isa = PBXFileReference; lastKnownFileType = sourcecode.swift; path = RightButton.swift; sourceTree = "<group>"; };
/* End PBXFileReference section */

/* Begin PBXFrameworksBuildPhase section */
		5DA20AF429A7B95600CDCBB7 /* Frameworks */ = {
			isa = PBXFrameworksBuildPhase;
			buildActionMask = 2147483647;
			files = (
			);
			runOnlyForDeploymentPostprocessing = 0;
		};
		5DA20B0D29A7B95700CDCBB7 /* Frameworks */ = {
			isa = PBXFrameworksBuildPhase;
			buildActionMask = 2147483647;
			files = (
			);
			runOnlyForDeploymentPostprocessing = 0;
		};
		5DA20B1729A7B95700CDCBB7 /* Frameworks */ = {
			isa = PBXFrameworksBuildPhase;
			buildActionMask = 2147483647;
			files = (
			);
			runOnlyForDeploymentPostprocessing = 0;
		};
/* End PBXFrameworksBuildPhase section */

/* Begin PBXGroup section */
		5DA20AEE29A7B95600CDCBB7 = {
			isa = PBXGroup;
			children = (
				5DA20AF929A7B95600CDCBB7 /* TetrisGame */,
				5DA20B1329A7B95700CDCBB7 /* TetrisGameTests */,
				5DA20B1D29A7B95700CDCBB7 /* TetrisGameUITests */,
				5DA20AF829A7B95600CDCBB7 /* Products */,
			);
			sourceTree = "<group>";
		};
		5DA20AF829A7B95600CDCBB7 /* Products */ = {
			isa = PBXGroup;
			children = (
				5DA20AF729A7B95600CDCBB7 /* TetrisGame.app */,
				5DA20B1029A7B95700CDCBB7 /* TetrisGameTests.xctest */,
				5DA20B1A29A7B95700CDCBB7 /* TetrisGameUITests.xctest */,
			);
			name = Products;
			sourceTree = "<group>";
		};
		5DA20AF929A7B95600CDCBB7 /* TetrisGame */ = {
			isa = PBXGroup;
			children = (
				5DC78BD529BE162E00DD85D5 /* Info.plist */,
				5DC78BD029BA481800DD85D5 /* Functions */,
				5DC76A5229A7C3B700A0A596 /* Variables */,
				5DC76A4F29A7BDF500A0A596 /* Background */,
				5DA20AFA29A7B95600CDCBB7 /* AppDelegate.swift */,
				5DA20B0029A7B95600CDCBB7 /* GameScene.swift */,
				5DA20B0229A7B95600CDCBB7 /* GameViewController.swift */,
				5DA20B0429A7B95600CDCBB7 /* Main.storyboard */,
				5DA20B0729A7B95700CDCBB7 /* Assets.xcassets */,
				5DA20B0929A7B95700CDCBB7 /* LaunchScreen.storyboard */,
			);
			path = TetrisGame;
			sourceTree = "<group>";
		};
		5DA20B1329A7B95700CDCBB7 /* TetrisGameTests */ = {
			isa = PBXGroup;
			children = (
				5DC78BD629BE1EC000DD85D5 /* Info.plist */,
				5DA20B1429A7B95700CDCBB7 /* TetrisGameTests.swift */,
			);
			path = TetrisGameTests;
			sourceTree = "<group>";
		};
		5DA20B1D29A7B95700CDCBB7 /* TetrisGameUITests */ = {
			isa = PBXGroup;
			children = (
				5DC78BD729BE1EED00DD85D5 /* Info.plist */,
				5DA20B1E29A7B95700CDCBB7 /* TetrisGameUITests.swift */,
				5DA20B2029A7B95700CDCBB7 /* TetrisGameUITestsLaunchTests.swift */,
			);
			path = TetrisGameUITests;
			sourceTree = "<group>";
		};
		5DC76A4F29A7BDF500A0A596 /* Background */ = {
			isa = PBXGroup;
			children = (
				5DC76A5029A7BE5A00A0A596 /* BackGround.swift */,
				5DC76A5529A7C6C200A0A596 /* Brick.swift */,
				5D4211F329B0E30000322210 /* BrickGenerator.swift */,
			);
			path = Background;
			sourceTree = "<group>";
		};
		5DC76A5229A7C3B700A0A596 /* Variables */ = {
			isa = PBXGroup;
			children = (
				5DC76A5329A7C3D700A0A596 /* Variables.swift */,
			);
			path = Variables;
			sourceTree = "<group>";
		};
		5DC78BD029BA481800DD85D5 /* Functions */ = {
			isa = PBXGroup;
			children = (
				5DC78BD129BA484E00DD85D5 /* LeftButton.swift */,
				5DC78BD829BF653100DD85D5 /* RightButton.swift */,
				5D09F5A029C0862D00EAB195 /* RotationButton.swift */,
			);
			path = Functions;
			sourceTree = "<group>";
		};
/* End PBXGroup section */

/* Begin PBXNativeTarget section */
		5DA20AF629A7B95600CDCBB7 /* TetrisGame */ = {
			isa = PBXNativeTarget;
			buildConfigurationList = 5DA20B2429A7B95700CDCBB7 /* Build configuration list for PBXNativeTarget "TetrisGame" */;
			buildPhases = (
				5DA20AF329A7B95600CDCBB7 /* Sources */,
				5DA20AF429A7B95600CDCBB7 /* Frameworks */,
				5DA20AF529A7B95600CDCBB7 /* Resources */,
			);
			buildRules = (
			);
			dependencies = (
			);
			name = TetrisGame;
			productName = TetrisGame;
			productReference = 5DA20AF729A7B95600CDCBB7 /* TetrisGame.app */;
			productType = "com.apple.product-type.application";
		};
		5DA20B0F29A7B95700CDCBB7 /* TetrisGameTests */ = {
			isa = PBXNativeTarget;
			buildConfigurationList = 5DA20B2729A7B95700CDCBB7 /* Build configuration list for PBXNativeTarget "TetrisGameTests" */;
			buildPhases = (
				5DA20B0C29A7B95700CDCBB7 /* Sources */,
				5DA20B0D29A7B95700CDCBB7 /* Frameworks */,
				5DA20B0E29A7B95700CDCBB7 /* Resources */,
			);
			buildRules = (
			);
			dependencies = (
				5DA20B1229A7B95700CDCBB7 /* PBXTargetDependency */,
			);
			name = TetrisGameTests;
			productName = TetrisGameTests;
			productReference = 5DA20B1029A7B95700CDCBB7 /* TetrisGameTests.xctest */;
			productType = "com.apple.product-type.bundle.unit-test";
		};
		5DA20B1929A7B95700CDCBB7 /* TetrisGameUITests */ = {
			isa = PBXNativeTarget;
			buildConfigurationList = 5DA20B2A29A7B95700CDCBB7 /* Build configuration list for PBXNativeTarget "TetrisGameUITests" */;
			buildPhases = (
				5DA20B1629A7B95700CDCBB7 /* Sources */,
				5DA20B1729A7B95700CDCBB7 /* Frameworks */,
				5DA20B1829A7B95700CDCBB7 /* Resources */,
			);
			buildRules = (
			);
			dependencies = (
				5DA20B1C29A7B95700CDCBB7 /* PBXTargetDependency */,
			);
			name = TetrisGameUITests;
			productName = TetrisGameUITests;
			productReference = 5DA20B1A29A7B95700CDCBB7 /* TetrisGameUITests.xctest */;
			productType = "com.apple.product-type.bundle.ui-testing";
		};
/* End PBXNativeTarget section */

/* Begin PBXProject section */
		5DA20AEF29A7B95600CDCBB7 /* Project object */ = {
			isa = PBXProject;
			attributes = {
				BuildIndependentTargetsInParallel = 1;
				LastSwiftUpdateCheck = 1420;
				LastUpgradeCheck = 1420;
				TargetAttributes = {
					5DA20AF629A7B95600CDCBB7 = {
						CreatedOnToolsVersion = 14.2;
					};
					5DA20B0F29A7B95700CDCBB7 = {
						CreatedOnToolsVersion = 14.2;
						TestTargetID = 5DA20AF629A7B95600CDCBB7;
					};
					5DA20B1929A7B95700CDCBB7 = {
						CreatedOnToolsVersion = 14.2;
						TestTargetID = 5DA20AF629A7B95600CDCBB7;
					};
				};
			};
			buildConfigurationList = 5DA20AF229A7B95600CDCBB7 /* Build configuration list for PBXProject "TetrisGame" */;
			compatibilityVersion = "Xcode 14.0";
			developmentRegion = en;
			hasScannedForEncodings = 0;
			knownRegions = (
				en,
				Base,
			);
			mainGroup = 5DA20AEE29A7B95600CDCBB7;
			productRefGroup = 5DA20AF829A7B95600CDCBB7 /* Products */;
			projectDirPath = "";
			projectRoot = "";
			targets = (
				5DA20AF629A7B95600CDCBB7 /* TetrisGame */,
				5DA20B0F29A7B95700CDCBB7 /* TetrisGameTests */,
				5DA20B1929A7B95700CDCBB7 /* TetrisGameUITests */,
			);
		};
/* End PBXProject section */

/* Begin PBXResourcesBuildPhase section */
		5DA20AF529A7B95600CDCBB7 /* Resources */ = {
			isa = PBXResourcesBuildPhase;
			buildActionMask = 2147483647;
			files = (
				5DA20B0629A7B95600CDCBB7 /* Main.storyboard in Resources */,
				5DA20B0829A7B95700CDCBB7 /* Assets.xcassets in Resources */,
				5DA20B0B29A7B95700CDCBB7 /* LaunchScreen.storyboard in Resources */,
			);
			runOnlyForDeploymentPostprocessing = 0;
		};
		5DA20B0E29A7B95700CDCBB7 /* Resources */ = {
			isa = PBXResourcesBuildPhase;
			buildActionMask = 2147483647;
			files = (
			);
			runOnlyForDeploymentPostprocessing = 0;
		};
		5DA20B1829A7B95700CDCBB7 /* Resources */ = {
			isa = PBXResourcesBuildPhase;
			buildActionMask = 2147483647;
			files = (
			);
			runOnlyForDeploymentPostprocessing = 0;
		};
/* End PBXResourcesBuildPhase section */

/* Begin PBXSourcesBuildPhase section */
		5DA20AF329A7B95600CDCBB7 /* Sources */ = {
			isa = PBXSourcesBuildPhase;
			buildActionMask = 2147483647;
			files = (
				5DA20B0129A7B95600CDCBB7 /* GameScene.swift in Sources */,
				5DA20B0329A7B95600CDCBB7 /* GameViewController.swift in Sources */,
				5DC78BD229BA484E00DD85D5 /* LeftButton.swift in Sources */,
				5DA20AFB29A7B95600CDCBB7 /* AppDelegate.swift in Sources */,
				5D4211F429B0E30000322210 /* BrickGenerator.swift in Sources */,
				5DC78BD929BF653100DD85D5 /* RightButton.swift in Sources */,
				5DC76A5129A7BE5A00A0A596 /* BackGround.swift in Sources */,
				5D09F5A129C0862D00EAB195 /* RotationButton.swift in Sources */,
				5DC76A5429A7C3D700A0A596 /* Variables.swift in Sources */,
				5DC76A5629A7C6C200A0A596 /* Brick.swift in Sources */,
			);
			runOnlyForDeploymentPostprocessing = 0;
		};
		5DA20B0C29A7B95700CDCBB7 /* Sources */ = {
			isa = PBXSourcesBuildPhase;
			buildActionMask = 2147483647;
			files = (
				5DA20B1529A7B95700CDCBB7 /* TetrisGameTests.swift in Sources */,
			);
			runOnlyForDeploymentPostprocessing = 0;
		};
		5DA20B1629A7B95700CDCBB7 /* Sources */ = {
			isa = PBXSourcesBuildPhase;
			buildActionMask = 2147483647;
			files = (
				5DA20B1F29A7B95700CDCBB7 /* TetrisGameUITests.swift in Sources */,
				5DA20B2129A7B95700CDCBB7 /* TetrisGameUITestsLaunchTests.swift in Sources */,
			);
			runOnlyForDeploymentPostprocessing = 0;
		};
/* End PBXSourcesBuildPhase section */

/* Begin PBXTargetDependency section */
		5DA20B1229A7B95700CDCBB7 /* PBXTargetDependency */ = {
			isa = PBXTargetDependency;
			target = 5DA20AF629A7B95600CDCBB7 /* TetrisGame */;
			targetProxy = 5DA20B1129A7B95700CDCBB7 /* PBXContainerItemProxy */;
		};
		5DA20B1C29A7B95700CDCBB7 /* PBXTargetDependency */ = {
			isa = PBXTargetDependency;
			target = 5DA20AF629A7B95600CDCBB7 /* TetrisGame */;
			targetProxy = 5DA20B1B29A7B95700CDCBB7 /* PBXContainerItemProxy */;
		};
/* End PBXTargetDependency section */

/* Begin PBXVariantGroup section */
		5DA20B0429A7B95600CDCBB7 /* Main.storyboard */ = {
			isa = PBXVariantGroup;
			children = (
				5DA20B0529A7B95600CDCBB7 /* Base */,
			);
			name = Main.storyboard;
			sourceTree = "<group>";
		};
		5DA20B0929A7B95700CDCBB7 /* LaunchScreen.storyboard */ = {
			isa = PBXVariantGroup;
			children = (
				5DA20B0A29A7B95700CDCBB7 /* Base */,
			);
			name = LaunchScreen.storyboard;
			sourceTree = "<group>";
		};
/* End PBXVariantGroup section */

/* Begin XCBuildConfiguration section */
		5DA20B2229A7B95700CDCBB7 /* Debug */ = {
			isa = XCBuildConfiguration;
			buildSettings = {
				ALWAYS_SEARCH_USER_PATHS = NO;
				CLANG_ANALYZER_NONNULL = YES;
				CLANG_ANALYZER_NUMBER_OBJECT_CONVERSION = YES_AGGRESSIVE;
				CLANG_CXX_LANGUAGE_STANDARD = "gnu++20";
				CLANG_ENABLE_MODULES = YES;
				CLANG_ENABLE_OBJC_ARC = YES;
				CLANG_ENABLE_OBJC_WEAK = YES;
				CLANG_WARN_BLOCK_CAPTURE_AUTORELEASING = YES;
				CLANG_WARN_BOOL_CONVERSION = YES;
				CLANG_WARN_COMMA = YES;
				CLANG_WARN_CONSTANT_CONVERSION = YES;
				CLANG_WARN_DEPRECATED_OBJC_IMPLEMENTATIONS = YES;
				CLANG_WARN_DIRECT_OBJC_ISA_USAGE = YES_ERROR;
				CLANG_WARN_DOCUMENTATION_COMMENTS = YES;
				CLANG_WARN_EMPTY_BODY = YES;
				CLANG_WARN_ENUM_CONVERSION = YES;
				CLANG_WARN_INFINITE_RECURSION = YES;
				CLANG_WARN_INT_CONVERSION = YES;
				CLANG_WARN_NON_LITERAL_NULL_CONVERSION = YES;
				CLANG_WARN_OBJC_IMPLICIT_RETAIN_SELF = YES;
				CLANG_WARN_OBJC_LITERAL_CONVERSION = YES;
				CLANG_WARN_OBJC_ROOT_CLASS = YES_ERROR;
				CLANG_WARN_QUOTED_INCLUDE_IN_FRAMEWORK_HEADER = YES;
				CLANG_WARN_RANGE_LOOP_ANALYSIS = YES;
				CLANG_WARN_STRICT_PROTOTYPES = YES;
				CLANG_WARN_SUSPICIOUS_MOVE = YES;
				CLANG_WARN_UNGUARDED_AVAILABILITY = YES_AGGRESSIVE;
				CLANG_WARN_UNREACHABLE_CODE = YES;
				CLANG_WARN__DUPLICATE_METHOD_MATCH = YES;
				COPY_PHASE_STRIP = NO;
				DEBUG_INFORMATION_FORMAT = dwarf;
				ENABLE_STRICT_OBJC_MSGSEND = YES;
				ENABLE_TESTABILITY = YES;
				GCC_C_LANGUAGE_STANDARD = gnu11;
				GCC_DYNAMIC_NO_PIC = NO;
				GCC_NO_COMMON_BLOCKS = YES;
				GCC_OPTIMIZATION_LEVEL = 0;
				GCC_PREPROCESSOR_DEFINITIONS = (
					"DEBUG=1",
					"$(inherited)",
				);
				GCC_WARN_64_TO_32_BIT_CONVERSION = YES;
				GCC_WARN_ABOUT_RETURN_TYPE = YES_ERROR;
				GCC_WARN_UNDECLARED_SELECTOR = YES;
				GCC_WARN_UNINITIALIZED_AUTOS = YES_AGGRESSIVE;
				GCC_WARN_UNUSED_FUNCTION = YES;
				GCC_WARN_UNUSED_VARIABLE = YES;
				IPHONEOS_DEPLOYMENT_TARGET = 16.2;
				MTL_ENABLE_DEBUG_INFO = INCLUDE_SOURCE;
				MTL_FAST_MATH = YES;
				ONLY_ACTIVE_ARCH = YES;
				SDKROOT = iphoneos;
				SWIFT_ACTIVE_COMPILATION_CONDITIONS = DEBUG;
				SWIFT_OPTIMIZATION_LEVEL = "-Onone";
			};
			name = Debug;
		};
		5DA20B2329A7B95700CDCBB7 /* Release */ = {
			isa = XCBuildConfiguration;
			buildSettings = {
				ALWAYS_SEARCH_USER_PATHS = NO;
				CLANG_ANALYZER_NONNULL = YES;
				CLANG_ANALYZER_NUMBER_OBJECT_CONVERSION = YES_AGGRESSIVE;
				CLANG_CXX_LANGUAGE_STANDARD = "gnu++20";
				CLANG_ENABLE_MODULES = YES;
				CLANG_ENABLE_OBJC_ARC = YES;
				CLANG_ENABLE_OBJC_WEAK = YES;
				CLANG_WARN_BLOCK_CAPTURE_AUTORELEASING = YES;
				CLANG_WARN_BOOL_CONVERSION = YES;
				CLANG_WARN_COMMA = YES;
				CLANG_WARN_CONSTANT_CONVERSION = YES;
				CLANG_WARN_DEPRECATED_OBJC_IMPLEMENTATIONS = YES;
				CLANG_WARN_DIRECT_OBJC_ISA_USAGE = YES_ERROR;
				CLANG_WARN_DOCUMENTATION_COMMENTS = YES;
				CLANG_WARN_EMPTY_BODY = YES;
				CLANG_WARN_ENUM_CONVERSION = YES;
				CLANG_WARN_INFINITE_RECURSION = YES;
				CLANG_WARN_INT_CONVERSION = YES;
				CLANG_WARN_NON_LITERAL_NULL_CONVERSION = YES;
				CLANG_WARN_OBJC_IMPLICIT_RETAIN_SELF = YES;
				CLANG_WARN_OBJC_LITERAL_CONVERSION = YES;
				CLANG_WARN_OBJC_ROOT_CLASS = YES_ERROR;
				CLANG_WARN_QUOTED_INCLUDE_IN_FRAMEWORK_HEADER = YES;
				CLANG_WARN_RANGE_LOOP_ANALYSIS = YES;
				CLANG_WARN_STRICT_PROTOTYPES = YES;
				CLANG_WARN_SUSPICIOUS_MOVE = YES;
				CLANG_WARN_UNGUARDED_AVAILABILITY = YES_AGGRESSIVE;
				CLANG_WARN_UNREACHABLE_CODE = YES;
				CLANG_WARN__DUPLICATE_METHOD_MATCH = YES;
				COPY_PHASE_STRIP = NO;
				DEBUG_INFORMATION_FORMAT = "dwarf-with-dsym";
				ENABLE_NS_ASSERTIONS = NO;
				ENABLE_STRICT_OBJC_MSGSEND = YES;
				GCC_C_LANGUAGE_STANDARD = gnu11;
				GCC_NO_COMMON_BLOCKS = YES;
				GCC_WARN_64_TO_32_BIT_CONVERSION = YES;
				GCC_WARN_ABOUT_RETURN_TYPE = YES_ERROR;
				GCC_WARN_UNDECLARED_SELECTOR = YES;
				GCC_WARN_UNINITIALIZED_AUTOS = YES_AGGRESSIVE;
				GCC_WARN_UNUSED_FUNCTION = YES;
				GCC_WARN_UNUSED_VARIABLE = YES;
				IPHONEOS_DEPLOYMENT_TARGET = 16.2;
				MTL_ENABLE_DEBUG_INFO = NO;
				MTL_FAST_MATH = YES;
				SDKROOT = iphoneos;
				SWIFT_COMPILATION_MODE = wholemodule;
				SWIFT_OPTIMIZATION_LEVEL = "-O";
				VALIDATE_PRODUCT = YES;
			};
			name = Release;
		};
		5DA20B2529A7B95700CDCBB7 /* Debug */ = {
			isa = XCBuildConfiguration;
			buildSettings = {
				ASSETCATALOG_COMPILER_APPICON_NAME = AppIcon;
				ASSETCATALOG_COMPILER_GLOBAL_ACCENT_COLOR_NAME = AccentColor;
				CODE_SIGN_STYLE = Automatic;
				CURRENT_PROJECT_VERSION = 1;
				DEVELOPMENT_TEAM = XF4GNZL7MP;
				GENERATE_INFOPLIST_FILE = YES;
				INFOPLIST_FILE = TetrisGame/Info.plist;
				INFOPLIST_KEY_CFBundleDisplayName = TetrisGame;
				INFOPLIST_KEY_LSApplicationCategoryType = "public.app-category.arcade-games";
				INFOPLIST_KEY_UIApplicationSupportsIndirectInputEvents = YES;
				INFOPLIST_KEY_UILaunchStoryboardName = LaunchScreen;
				INFOPLIST_KEY_UIMainStoryboardFile = Main;
				INFOPLIST_KEY_UIStatusBarHidden = YES;
				INFOPLIST_KEY_UISupportedInterfaceOrientations = UIInterfaceOrientationPortrait;
				INFOPLIST_KEY_UISupportedInterfaceOrientations_iPad = "UIInterfaceOrientationPortrait UIInterfaceOrientationPortraitUpsideDown";
				LD_RUNPATH_SEARCH_PATHS = (
					"$(inherited)",
					"@executable_path/Frameworks",
				);
				MARKETING_VERSION = 1.0;
				PRODUCT_BUNDLE_IDENTIFIER = com.gyuri.TetrisGame;
				PRODUCT_NAME = "$(TARGET_NAME)";
				SWIFT_EMIT_LOC_STRINGS = YES;
				SWIFT_VERSION = 5.0;
				TARGETED_DEVICE_FAMILY = "1,2";
			};
			name = Debug;
		};
		5DA20B2629A7B95700CDCBB7 /* Release */ = {
			isa = XCBuildConfiguration;
			buildSettings = {
				ASSETCATALOG_COMPILER_APPICON_NAME = AppIcon;
				ASSETCATALOG_COMPILER_GLOBAL_ACCENT_COLOR_NAME = AccentColor;
				CODE_SIGN_STYLE = Automatic;
				CURRENT_PROJECT_VERSION = 1;
				DEVELOPMENT_TEAM = XF4GNZL7MP;
				GENERATE_INFOPLIST_FILE = YES;
				INFOPLIST_FILE = TetrisGame/Info.plist;
				INFOPLIST_KEY_CFBundleDisplayName = TetrisGame;
				INFOPLIST_KEY_LSApplicationCategoryType = "public.app-category.arcade-games";
				INFOPLIST_KEY_UIApplicationSupportsIndirectInputEvents = YES;
				INFOPLIST_KEY_UILaunchStoryboardName = LaunchScreen;
				INFOPLIST_KEY_UIMainStoryboardFile = Main;
				INFOPLIST_KEY_UIStatusBarHidden = YES;
				INFOPLIST_KEY_UISupportedInterfaceOrientations = UIInterfaceOrientationPortrait;
				INFOPLIST_KEY_UISupportedInterfaceOrientations_iPad = "UIInterfaceOrientationPortrait UIInterfaceOrientationPortraitUpsideDown";
				LD_RUNPATH_SEARCH_PATHS = (
					"$(inherited)",
					"@executable_path/Frameworks",
				);
				MARKETING_VERSION = 1.0;
				PRODUCT_BUNDLE_IDENTIFIER = com.gyuri.TetrisGame;
				PRODUCT_NAME = "$(TARGET_NAME)";
				SWIFT_EMIT_LOC_STRINGS = YES;
				SWIFT_VERSION = 5.0;
				TARGETED_DEVICE_FAMILY = "1,2";
			};
			name = Release;
		};
		5DA20B2829A7B95700CDCBB7 /* Debug */ = {
			isa = XCBuildConfiguration;
			buildSettings = {
				ALWAYS_EMBED_SWIFT_STANDARD_LIBRARIES = YES;
				BUNDLE_LOADER = "$(TEST_HOST)";
				CODE_SIGN_STYLE = Automatic;
				CURRENT_PROJECT_VERSION = 1;
				DEVELOPMENT_TEAM = XF4GNZL7MP;
				GENERATE_INFOPLIST_FILE = YES;
				INFOPLIST_FILE = TetrisGameTests/Info.plist;
				INFOPLIST_KEY_LSApplicationCategoryType = "";
				IPHONEOS_DEPLOYMENT_TARGET = 16.2;
				MARKETING_VERSION = 1.0;
				PRODUCT_BUNDLE_IDENTIFIER = com.gyuri.TetrisGameTests;
				PRODUCT_NAME = "$(TARGET_NAME)";
				SWIFT_EMIT_LOC_STRINGS = NO;
				SWIFT_VERSION = 5.0;
				TARGETED_DEVICE_FAMILY = "1,2";
				TEST_HOST = "$(BUILT_PRODUCTS_DIR)/TetrisGame.app/$(BUNDLE_EXECUTABLE_FOLDER_PATH)/TetrisGame";
			};
			name = Debug;
		};
		5DA20B2929A7B95700CDCBB7 /* Release */ = {
			isa = XCBuildConfiguration;
			buildSettings = {
				ALWAYS_EMBED_SWIFT_STANDARD_LIBRARIES = YES;
				BUNDLE_LOADER = "$(TEST_HOST)";
				CODE_SIGN_STYLE = Automatic;
				CURRENT_PROJECT_VERSION = 1;
				DEVELOPMENT_TEAM = XF4GNZL7MP;
				GENERATE_INFOPLIST_FILE = YES;
				INFOPLIST_FILE = TetrisGameTests/Info.plist;
				INFOPLIST_KEY_LSApplicationCategoryType = "";
				IPHONEOS_DEPLOYMENT_TARGET = 16.2;
				MARKETING_VERSION = 1.0;
				PRODUCT_BUNDLE_IDENTIFIER = com.gyuri.TetrisGameTests;
				PRODUCT_NAME = "$(TARGET_NAME)";
				SWIFT_EMIT_LOC_STRINGS = NO;
				SWIFT_VERSION = 5.0;
				TARGETED_DEVICE_FAMILY = "1,2";
				TEST_HOST = "$(BUILT_PRODUCTS_DIR)/TetrisGame.app/$(BUNDLE_EXECUTABLE_FOLDER_PATH)/TetrisGame";
			};
			name = Release;
		};
		5DA20B2B29A7B95700CDCBB7 /* Debug */ = {
			isa = XCBuildConfiguration;
			buildSettings = {
				ALWAYS_EMBED_SWIFT_STANDARD_LIBRARIES = YES;
				CODE_SIGN_STYLE = Automatic;
				CURRENT_PROJECT_VERSION = 1;
				DEVELOPMENT_TEAM = XF4GNZL7MP;
				GENERATE_INFOPLIST_FILE = YES;
				INFOPLIST_FILE = TetrisGameUITests/Info.plist;
				INFOPLIST_KEY_LSApplicationCategoryType = "";
				MARKETING_VERSION = 1.0;
				PRODUCT_BUNDLE_IDENTIFIER = com.gyuri.TetrisGameUITests;
				PRODUCT_NAME = "$(TARGET_NAME)";
				SWIFT_EMIT_LOC_STRINGS = NO;
				SWIFT_VERSION = 5.0;
				TARGETED_DEVICE_FAMILY = "1,2";
				TEST_TARGET_NAME = TetrisGame;
			};
			name = Debug;
		};
		5DA20B2C29A7B95700CDCBB7 /* Release */ = {
			isa = XCBuildConfiguration;
			buildSettings = {
				ALWAYS_EMBED_SWIFT_STANDARD_LIBRARIES = YES;
				CODE_SIGN_STYLE = Automatic;
				CURRENT_PROJECT_VERSION = 1;
				DEVELOPMENT_TEAM = XF4GNZL7MP;
				GENERATE_INFOPLIST_FILE = YES;
				INFOPLIST_FILE = TetrisGameUITests/Info.plist;
				INFOPLIST_KEY_LSApplicationCategoryType = "";
				MARKETING_VERSION = 1.0;
				PRODUCT_BUNDLE_IDENTIFIER = com.gyuri.TetrisGameUITests;
				PRODUCT_NAME = "$(TARGET_NAME)";
				SWIFT_EMIT_LOC_STRINGS = NO;
				SWIFT_VERSION = 5.0;
				TARGETED_DEVICE_FAMILY = "1,2";
				TEST_TARGET_NAME = TetrisGame;
			};
			name = Release;
		};
/* End XCBuildConfiguration section */

/* Begin XCConfigurationList section */
		5DA20AF229A7B95600CDCBB7 /* Build configuration list for PBXProject "TetrisGame" */ = {
			isa = XCConfigurationList;
			buildConfigurations = (
				5DA20B2229A7B95700CDCBB7 /* Debug */,
				5DA20B2329A7B95700CDCBB7 /* Release */,
			);
			defaultConfigurationIsVisible = 0;
			defaultConfigurationName = Release;
		};
		5DA20B2429A7B95700CDCBB7 /* Build configuration list for PBXNativeTarget "TetrisGame" */ = {
			isa = XCConfigurationList;
			buildConfigurations = (
				5DA20B2529A7B95700CDCBB7 /* Debug */,
				5DA20B2629A7B95700CDCBB7 /* Release */,
			);
			defaultConfigurationIsVisible = 0;
			defaultConfigurationName = Release;
		};
		5DA20B2729A7B95700CDCBB7 /* Build configuration list for PBXNativeTarget "TetrisGameTests" */ = {
			isa = XCConfigurationList;
			buildConfigurations = (
				5DA20B2829A7B95700CDCBB7 /* Debug */,
				5DA20B2929A7B95700CDCBB7 /* Release */,
			);
			defaultConfigurationIsVisible = 0;
			defaultConfigurationName = Release;
		};
		5DA20B2A29A7B95700CDCBB7 /* Build configuration list for PBXNativeTarget "TetrisGameUITests" */ = {
			isa = XCConfigurationList;
			buildConfigurations = (
				5DA20B2B29A7B95700CDCBB7 /* Debug */,
				5DA20B2C29A7B95700CDCBB7 /* Release */,
			);
			defaultConfigurationIsVisible = 0;
			defaultConfigurationName = Release;
		};
/* End XCConfigurationList section */
	};
	rootObject = 5DA20AEF29A7B95600CDCBB7 /* Project object */;
}
